
Microsoft Visual Studio Solution File, Format Version 12.00
# Visual Studio Version 17
VisualStudioVersion = 17.0.31912.275
MinimumVisualStudioVersion = 10.0.40219.1
Project("{FAE04EC0-301F-11D3-BF4B-00C04F79EFBC}") = "4-3-1-itec-111-activity-3", "4-3-1-itec-111-activity-3\4-3-1-itec-111-activity-3.csproj", "{58189221-02C4-451F-AA06-D63CE432C4B1}"
EndProject
Global
	GlobalSection(SolutionConfigurationPlatforms) = preSolution
		Debug|Any CPU = Debug|Any CPU
		Release|Any CPU = Release|Any CPU
	EndGlobalSection
	GlobalSection(ProjectConfigurationPlatforms) = postSolution
		{58189221-02C4-451F-AA06-D63CE432C4B1}.Debug|Any CPU.ActiveCfg = Debug|Any CPU
		{58189221-02C4-451F-AA06-D63CE432C4B1}.Debug|Any CPU.Build.0 = Debug|Any CPU
		{58189221-02C4-451F-AA06-D63CE432C4B1}.Release|Any CPU.ActiveCfg = Release|Any CPU
		{58189221-02C4-451F-AA06-D63CE432C4B1}.Release|Any CPU.Build.0 = Release|Any CPU
	EndGlobalSection
	GlobalSection(SolutionProperties) = preSolution
		HideSolutionNode = FALSE
	EndGlobalSection
	GlobalSection(ExtensibilityGlobals) = postSolution
		SolutionGuid = {0BFB9D8B-324E-4634-A1EE-98D842191FBA}
	EndGlobalSection
EndGlobal
